
Microsoft Visual Studio Solution File, Format Version 12.00
# Visual Studio Version 16
VisualStudioVersion = 16.0.29709.97
MinimumVisualStudioVersion = 10.0.40219.1
Project("{FAE04EC0-301F-11D3-BF4B-00C04F79EFBC}") = "CapsLockApp", "CapsLockApp\CapsLockApp.csproj", "{7476030C-6270-4305-B43F-4809F82377B2}"
EndProject
Global
	GlobalSection(SolutionConfigurationPlatforms) = preSolution
		Debug|Any CPU = Debug|Any CPU
		Release|Any CPU = Release|Any CPU
	EndGlobalSection
	GlobalSection(ProjectConfigurationPlatforms) = postSolution
		{7476030C-6270-4305-B43F-4809F82377B2}.Debug|Any CPU.ActiveCfg = Debug|Any CPU
		{7476030C-6270-4305-B43F-4809F82377B2}.Debug|Any CPU.Build.0 = Debug|Any CPU
		{7476030C-6270-4305-B43F-4809F82377B2}.Release|Any CPU.ActiveCfg = Release|Any CPU
		{7476030C-6270-4305-B43F-4809F82377B2}.Release|Any CPU.Build.0 = Release|Any CPU
	EndGlobalSection
	GlobalSection(SolutionProperties) = preSolution
		HideSolutionNode = FALSE
	EndGlobalSection
	GlobalSection(ExtensibilityGlobals) = postSolution
		SolutionGuid = {0BA9FFF3-ADA5-40B2-AC91-8AC14E54E8D0}
	EndGlobalSection
EndGlobal
